
Microsoft Visual Studio Solution File, Format Version 12.00
# Visual Studio 15
VisualStudioVersion = 15.0.27004.2002
MinimumVisualStudioVersion = 10.0.40219.1
Project("{FAE04EC0-301F-11D3-BF4B-00C04F79EFBC}") = "Homework1", "Homework1\Homework1.csproj", "{64155423-1B0C-412F-BBC6-D00F2C1F4DA9}"
EndProject
Global
	GlobalSection(SolutionConfigurationPlatforms) = preSolution
		Debug|Any CPU = Debug|Any CPU
		Release|Any CPU = Release|Any CPU
	EndGlobalSection
	GlobalSection(ProjectConfigurationPlatforms) = postSolution
		{64155423-1B0C-412F-BBC6-D00F2C1F4DA9}.Debug|Any CPU.ActiveCfg = Debug|Any CPU
		{64155423-1B0C-412F-BBC6-D00F2C1F4DA9}.Debug|Any CPU.Build.0 = Debug|Any CPU
		{64155423-1B0C-412F-BBC6-D00F2C1F4DA9}.Release|Any CPU.ActiveCfg = Release|Any CPU
		{64155423-1B0C-412F-BBC6-D00F2C1F4DA9}.Release|Any CPU.Build.0 = Release|Any CPU
	EndGlobalSection
	GlobalSection(SolutionProperties) = preSolution
		HideSolutionNode = FALSE
	EndGlobalSection
	GlobalSection(ExtensibilityGlobals) = postSolution
		SolutionGuid = {FFB69476-54CE-48B8-97F9-ABED1F29ED4B}
	EndGlobalSection
EndGlobal
